{
  "requires": true,
  "lockfileVersion": 1,
  "dependencies": {
    "my-palindrome": {
      "version": "0.1.0",
      "resolved": "https://registry.npmjs.org/my-palindrome/-/my-palindrome-0.1.0.tgz",
      "integrity": "sha512-bGoRD2EnuhXhMiAydm2GMDvCh/qBOtqL+m4YeI/vzGnREWooC9cMt4kSQaOcJ0JF3yaOOYUWm6kJUZFDGmq/cQ=="
    }
  }
}
