{
  "requires": true,
  "lockfileVersion": 1,
  "dependencies": {
    "my-palindrome": {
      "version": "0.1.1",
      "resolved": "https://registry.npmjs.org/my-palindrome/-/my-palindrome-0.1.1.tgz",
      "integrity": "sha512-yp/hEeTxs1A6+tBzKrrGMQwqhWBlASH+wIn/380nuBG6sOvtpvAx3mc9uqX8Kxizi4w4gGRTrd2v0crAmRk+YA=="
    }
  }
}
